
Microsoft Visual Studio Solution File, Format Version 12.00
# Visual Studio Version 17
VisualStudioVersion = 17.5.33414.496
MinimumVisualStudioVersion = 10.0.40219.1
Project("{FAE04EC0-301F-11D3-BF4B-00C04F79EFBC}") = "tpmodul9_1302210047", "tpmodul9_1302210047\tpmodul9_1302210047.csproj", "{236BFD9C-1613-4BF3-A802-FE08FB52DEA7}"
EndProject
Global
	GlobalSection(SolutionConfigurationPlatforms) = preSolution
		Debug|Any CPU = Debug|Any CPU
		Release|Any CPU = Release|Any CPU
	EndGlobalSection
	GlobalSection(ProjectConfigurationPlatforms) = postSolution
		{236BFD9C-1613-4BF3-A802-FE08FB52DEA7}.Debug|Any CPU.ActiveCfg = Debug|Any CPU
		{236BFD9C-1613-4BF3-A802-FE08FB52DEA7}.Debug|Any CPU.Build.0 = Debug|Any CPU
		{236BFD9C-1613-4BF3-A802-FE08FB52DEA7}.Release|Any CPU.ActiveCfg = Release|Any CPU
		{236BFD9C-1613-4BF3-A802-FE08FB52DEA7}.Release|Any CPU.Build.0 = Release|Any CPU
	EndGlobalSection
	GlobalSection(SolutionProperties) = preSolution
		HideSolutionNode = FALSE
	EndGlobalSection
	GlobalSection(ExtensibilityGlobals) = postSolution
		SolutionGuid = {85DC059D-88E8-42B8-94EB-7EE89A24C1B8}
	EndGlobalSection
EndGlobal
